Microsoft Visual Studio Solution File, Format Version 12.00
# Visual Studio Version 16
VisualStudioVersion = 16.0.29503.13
MinimumVisualStudioVersion = 10.0.40219.1
Project("{FAE04EC0-301F-11D3-BF4B-00C04F79EFBC}") = "EastonCityGuide.Android", "EastonCityGuide.Android\EastonCityGuide.Android.csproj", "{77A7E50D-92C6-4158-8FC2-C4FC5D97C931}"
EndProject
Project("{FAE04EC0-301F-11D3-BF4B-00C04F79EFBC}") = "EastonCityGuide.iOS", "EastonCityGuide.iOS\EastonCityGuide.iOS.csproj", "{87CB8BC8-EB26-4EF3-B04B-35FD2B3B88D9}"
EndProject
Project("{9A19103F-16F7-4668-BE54-9A1E7A4F7556}") = "EastonCityGuide", "EastonCityGuide\EastonCityGuide.csproj", "{1F1B7658-C02D-47D1-BD0F-DEA69C27A54E}"
EndProject
Global
	GlobalSection(SolutionConfigurationPlatforms) = preSolution
		Debug|Any CPU = Debug|Any CPU
		Debug|iPhone = Debug|iPhone
		Debug|iPhoneSimulator = Debug|iPhoneSimulator
		Release|Any CPU = Release|Any CPU
		Release|iPhone = Release|iPhone
		Release|iPhoneSimulator = Release|iPhoneSimulator
	EndGlobalSection
	GlobalSection(ProjectConfigurationPlatforms) = postSolution
		{77A7E50D-92C6-4158-8FC2-C4FC5D97C931}.Debug|Any CPU.ActiveCfg = Debug|Any CPU
		{77A7E50D-92C6-4158-8FC2-C4FC5D97C931}.Debug|Any CPU.Build.0 = Debug|Any CPU
		{77A7E50D-92C6-4158-8FC2-C4FC5D97C931}.Debug|Any CPU.Deploy.0 = Debug|Any CPU
		{77A7E50D-92C6-4158-8FC2-C4FC5D97C931}.Debug|iPhone.ActiveCfg = Debug|Any CPU
		{77A7E50D-92C6-4158-8FC2-C4FC5D97C931}.Debug|iPhone.Build.0 = Debug|Any CPU
		{77A7E50D-92C6-4158-8FC2-C4FC5D97C931}.Debug|iPhoneSimulator.ActiveCfg = Debug|Any CPU
		{77A7E50D-92C6-4158-8FC2-C4FC5D97C931}.Debug|iPhoneSimulator.Build.0 = Debug|Any CPU
		{77A7E50D-92C6-4158-8FC2-C4FC5D97C931}.Release|Any CPU.ActiveCfg = Release|Any CPU
		{77A7E50D-92C6-4158-8FC2-C4FC5D97C931}.Release|Any CPU.Build.0 = Release|Any CPU
		{77A7E50D-92C6-4158-8FC2-C4FC5D97C931}.Release|iPhone.ActiveCfg = Release|Any CPU
		{77A7E50D-92C6-4158-8FC2-C4FC5D97C931}.Release|iPhone.Build.0 = Release|Any CPU
		{77A7E50D-92C6-4158-8FC2-C4FC5D97C931}.Release|iPhoneSimulator.ActiveCfg = Release|Any CPU
		{77A7E50D-92C6-4158-8FC2-C4FC5D97C931}.Release|iPhoneSimulator.Build.0 = Release|Any CPU
		{87CB8BC8-EB26-4EF3-B04B-35FD2B3B88D9}.Debug|Any CPU.ActiveCfg = Debug|iPhoneSimulator
		{87CB8BC8-EB26-4EF3-B04B-35FD2B3B88D9}.Debug|Any CPU.Build.0 = Debug|iPhoneSimulator
		{87CB8BC8-EB26-4EF3-B04B-35FD2B3B88D9}.Debug|iPhone.ActiveCfg = Debug|iPhone
		{87CB8BC8-EB26-4EF3-B04B-35FD2B3B88D9}.Debug|iPhone.Build.0 = Debug|iPhone
		{87CB8BC8-EB26-4EF3-B04B-35FD2B3B88D9}.Debug|iPhoneSimulator.ActiveCfg = Debug|iPhoneSimulator
		{87CB8BC8-EB26-4EF3-B04B-35FD2B3B88D9}.Debug|iPhoneSimulator.Build.0 = Debug|iPhoneSimulator
		{87CB8BC8-EB26-4EF3-B04B-35FD2B3B88D9}.Release|Any CPU.ActiveCfg = Release|iPhoneSimulator
		{87CB8BC8-EB26-4EF3-B04B-35FD2B3B88D9}.Release|Any CPU.Build.0 = Release|iPhoneSimulator
		{87CB8BC8-EB26-4EF3-B04B-35FD2B3B88D9}.Release|iPhone.ActiveCfg = Release|iPhone
		{87CB8BC8-EB26-4EF3-B04B-35FD2B3B88D9}.Release|iPhone.Build.0 = Release|iPhone
		{87CB8BC8-EB26-4EF3-B04B-35FD2B3B88D9}.Release|iPhoneSimulator.ActiveCfg = Release|iPhoneSimulator
		{87CB8BC8-EB26-4EF3-B04B-35FD2B3B88D9}.Release|iPhoneSimulator.Build.0 = Release|iPhoneSimulator
		{1F1B7658-C02D-47D1-BD0F-DEA69C27A54E}.Debug|Any CPU.ActiveCfg = Debug|Any CPU
		{1F1B7658-C02D-47D1-BD0F-DEA69C27A54E}.Debug|Any CPU.Build.0 = Debug|Any CPU
		{1F1B7658-C02D-47D1-BD0F-DEA69C27A54E}.Debug|iPhone.ActiveCfg = Debug|Any CPU
		{1F1B7658-C02D-47D1-BD0F-DEA69C27A54E}.Debug|iPhone.Build.0 = Debug|Any CPU
		{1F1B7658-C02D-47D1-BD0F-DEA69C27A54E}.Debug|iPhoneSimulator.ActiveCfg = Debug|Any CPU
		{1F1B7658-C02D-47D1-BD0F-DEA69C27A54E}.Debug|iPhoneSimulator.Build.0 = Debug|Any CPU
		{1F1B7658-C02D-47D1-BD0F-DEA69C27A54E}.Release|Any CPU.ActiveCfg = Release|Any CPU
		{1F1B7658-C02D-47D1-BD0F-DEA69C27A54E}.Release|Any CPU.Build.0 = Release|Any CPU
		{1F1B7658-C02D-47D1-BD0F-DEA69C27A54E}.Release|iPhone.ActiveCfg = Release|Any CPU
		{1F1B7658-C02D-47D1-BD0F-DEA69C27A54E}.Release|iPhone.Build.0 = Release|Any CPU
		{1F1B7658-C02D-47D1-BD0F-DEA69C27A54E}.Release|iPhoneSimulator.ActiveCfg = Release|Any CPU
		{1F1B7658-C02D-47D1-BD0F-DEA69C27A54E}.Release|iPhoneSimulator.Build.0 = Release|Any CPU
	EndGlobalSection
	GlobalSection(SolutionProperties) = preSolution
		HideSolutionNode = FALSE
	EndGlobalSection
	GlobalSection(ExtensibilityGlobals) = postSolution
		SolutionGuid = {A9D111DD-64DD-458F-91AA-D122E4F7D469}
	EndGlobalSection
EndGlobal
